
Microsoft Visual Studio Solution File, Format Version 11.00
# Visual Studio 2010
Project("{FAE04EC0-301F-11D3-BF4B-00C04F79EFBC}") = "clsVerisys", "clsVerisys\clsVerisys.csproj", "{7B1815C9-D066-4994-AB13-A6D171E7333F}"
EndProject
Global
	GlobalSection(SourceCodeControl) = preSolution
		SccNumberOfProjects = 2
		SccLocalPath0 = .
		SccProjectUniqueName1 = clsVerisys\\clsVerisys.csproj
		SccLocalPath1 = .
		SccProjectFilePathRelativizedFromConnection1 = clsVerisys\\
	EndGlobalSection
	GlobalSection(SolutionConfigurationPlatforms) = preSolution
		Debug|Any CPU = Debug|Any CPU
		Release|Any CPU = Release|Any CPU
	EndGlobalSection
	GlobalSection(ProjectConfigurationPlatforms) = postSolution
		{7B1815C9-D066-4994-AB13-A6D171E7333F}.Debug|Any CPU.ActiveCfg = Debug|Any CPU
		{7B1815C9-D066-4994-AB13-A6D171E7333F}.Debug|Any CPU.Build.0 = Debug|Any CPU
		{7B1815C9-D066-4994-AB13-A6D171E7333F}.Release|Any CPU.ActiveCfg = Release|Any CPU
		{7B1815C9-D066-4994-AB13-A6D171E7333F}.Release|Any CPU.Build.0 = Release|Any CPU
	EndGlobalSection
	GlobalSection(SolutionProperties) = preSolution
		HideSolutionNode = FALSE
	EndGlobalSection
EndGlobal
