
Microsoft Visual Studio Solution File, Format Version 10.00
# Visual Studio 2008
Project("{FAE04EC0-301F-11D3-BF4B-00C04F79EFBC}") = "clsVerisys", "clsVerisys.csproj", "{7B1815C9-D066-4994-AB13-A6D171E7333F}"
EndProject
Global
	GlobalSection(SourceCodeControl) = preSolution
		SccNumberOfProjects = 1
		SccProjectUniqueName0 = clsVerisys.csproj
		SccProjectName0 = \u0022$/Web/clsVerisys.root/clsVerisys/clsVerisys\u0022,\u0020KENCAAAA
		SccLocalPath0 = .
		SccProvider0 = MSSCCI:Microsoft\u0020Visual\u0020SourceSafe
	EndGlobalSection
	GlobalSection(SolutionConfigurationPlatforms) = preSolution
		Debug|Any CPU = Debug|Any CPU
		Release|Any CPU = Release|Any CPU
	EndGlobalSection
	GlobalSection(ProjectConfigurationPlatforms) = postSolution
		{7B1815C9-D066-4994-AB13-A6D171E7333F}.Debug|Any CPU.ActiveCfg = Debug|Any CPU
		{7B1815C9-D066-4994-AB13-A6D171E7333F}.Debug|Any CPU.Build.0 = Debug|Any CPU
		{7B1815C9-D066-4994-AB13-A6D171E7333F}.Release|Any CPU.ActiveCfg = Release|Any CPU
		{7B1815C9-D066-4994-AB13-A6D171E7333F}.Release|Any CPU.Build.0 = Release|Any CPU
	EndGlobalSection
	GlobalSection(SolutionProperties) = preSolution
		HideSolutionNode = FALSE
	EndGlobalSection
EndGlobal
