
Microsoft Visual Studio Solution File, Format Version 10.00
# Visual Studio 2008
Project("{FAE04EC0-301F-11D3-BF4B-00C04F79EFBC}") = "clsDatabaseSQL", "clsDatabaseSQL\clsDatabaseSQL.csproj", "{BD9E4704-ACFE-4C02-AE52-4FA3F9C42FFC}"
EndProject
Global
	GlobalSection(SourceCodeControl) = preSolution
		SccNumberOfProjects = 2
		SccLocalPath0 = .
		SccProjectUniqueName1 = clsDatabaseSQL\\clsDatabaseSQL.csproj
		SccLocalPath1 = .
		SccProjectFilePathRelativizedFromConnection1 = clsDatabaseSQL\\
	EndGlobalSection
	GlobalSection(SolutionConfigurationPlatforms) = preSolution
		Debug|Any CPU = Debug|Any CPU
		Release|Any CPU = Release|Any CPU
	EndGlobalSection
	GlobalSection(ProjectConfigurationPlatforms) = postSolution
		{BD9E4704-ACFE-4C02-AE52-4FA3F9C42FFC}.Debug|Any CPU.ActiveCfg = Debug|Any CPU
		{BD9E4704-ACFE-4C02-AE52-4FA3F9C42FFC}.Debug|Any CPU.Build.0 = Debug|Any CPU
		{BD9E4704-ACFE-4C02-AE52-4FA3F9C42FFC}.Release|Any CPU.ActiveCfg = Release|Any CPU
		{BD9E4704-ACFE-4C02-AE52-4FA3F9C42FFC}.Release|Any CPU.Build.0 = Release|Any CPU
	EndGlobalSection
	GlobalSection(SolutionProperties) = preSolution
		HideSolutionNode = FALSE
	EndGlobalSection
EndGlobal
